
Microsoft Visual Studio Solution File, Format Version 12.00
# Visual Studio Version 17
VisualStudioVersion = 17.10.34928.147
MinimumVisualStudioVersion = 10.0.40219.1
Project("{FAE04EC0-301F-11D3-BF4B-00C04F79EFBC}") = "InventoryManagmentMongoDB", "InventoryManagmentMongoDB.csproj", "{E71FF29C-23E3-4EA9-AB38-647FAB9E8EAA}"
EndProject
Global
	GlobalSection(SolutionConfigurationPlatforms) = preSolution
		Debug|Any CPU = Debug|Any CPU
		Release|Any CPU = Release|Any CPU
	EndGlobalSection
	GlobalSection(ProjectConfigurationPlatforms) = postSolution
		{E71FF29C-23E3-4EA9-AB38-647FAB9E8EAA}.Debug|Any CPU.ActiveCfg = Debug|Any CPU
		{E71FF29C-23E3-4EA9-AB38-647FAB9E8EAA}.Debug|Any CPU.Build.0 = Debug|Any CPU
		{E71FF29C-23E3-4EA9-AB38-647FAB9E8EAA}.Release|Any CPU.ActiveCfg = Release|Any CPU
		{E71FF29C-23E3-4EA9-AB38-647FAB9E8EAA}.Release|Any CPU.Build.0 = Release|Any CPU
	EndGlobalSection
	GlobalSection(SolutionProperties) = preSolution
		HideSolutionNode = FALSE
	EndGlobalSection
	GlobalSection(ExtensibilityGlobals) = postSolution
		SolutionGuid = {889577ED-B261-43F4-AFF6-6963A1E4D1C7}
	EndGlobalSection
EndGlobal
